
Microsoft Visual Studio Solution File, Format Version 12.00
# Visual Studio Version 16
VisualStudioVersion = 16.0.30517.126
MinimumVisualStudioVersion = 10.0.40219.1
Project("{FAE04EC0-301F-11D3-BF4B-00C04F79EFBC}") = "HelloWorld", "HelloWorld\HelloWorld.csproj", "{461A2153-6ECF-4069-99A1-FC2B9962688C}"
EndProject
Global
	GlobalSection(SolutionConfigurationPlatforms) = preSolution
		Debug|Any CPU = Debug|Any CPU
		Release|Any CPU = Release|Any CPU
	EndGlobalSection
	GlobalSection(ProjectConfigurationPlatforms) = postSolution
		{461A2153-6ECF-4069-99A1-FC2B9962688C}.Debug|Any CPU.ActiveCfg = Debug|Any CPU
		{461A2153-6ECF-4069-99A1-FC2B9962688C}.Debug|Any CPU.Build.0 = Debug|Any CPU
		{461A2153-6ECF-4069-99A1-FC2B9962688C}.Release|Any CPU.ActiveCfg = Release|Any CPU
		{461A2153-6ECF-4069-99A1-FC2B9962688C}.Release|Any CPU.Build.0 = Release|Any CPU
	EndGlobalSection
	GlobalSection(SolutionProperties) = preSolution
		HideSolutionNode = FALSE
	EndGlobalSection
	GlobalSection(ExtensibilityGlobals) = postSolution
		SolutionGuid = {63757534-F77A-4DD3-B191-36373B0C1A13}
	EndGlobalSection
EndGlobal
